
Microsoft Visual Studio Solution File, Format Version 12.00
# Visual Studio Version 17
VisualStudioVersion = 17.8.34511.84
MinimumVisualStudioVersion = 10.0.40219.1
Project("{FAE04EC0-301F-11D3-BF4B-00C04F79EFBC}") = "Fall2024-Assignment1-cpmccann", "Fall2024-Assignment1-cpmccann.csproj", "{C8CD6ADF-49E7-4D06-9C08-BE46E933003D}"
EndProject
Global
	GlobalSection(SolutionConfigurationPlatforms) = preSolution
		Debug|Any CPU = Debug|Any CPU
		Release|Any CPU = Release|Any CPU
	EndGlobalSection
	GlobalSection(ProjectConfigurationPlatforms) = postSolution
		{C8CD6ADF-49E7-4D06-9C08-BE46E933003D}.Debug|Any CPU.ActiveCfg = Debug|Any CPU
		{C8CD6ADF-49E7-4D06-9C08-BE46E933003D}.Debug|Any CPU.Build.0 = Debug|Any CPU
		{C8CD6ADF-49E7-4D06-9C08-BE46E933003D}.Release|Any CPU.ActiveCfg = Release|Any CPU
		{C8CD6ADF-49E7-4D06-9C08-BE46E933003D}.Release|Any CPU.Build.0 = Release|Any CPU
	EndGlobalSection
	GlobalSection(SolutionProperties) = preSolution
		HideSolutionNode = FALSE
	EndGlobalSection
	GlobalSection(ExtensibilityGlobals) = postSolution
		SolutionGuid = {3A426F0F-4CE0-49A6-BEEB-6BE5D40C32CD}
	EndGlobalSection
EndGlobal
